// !$*UTF8*$!
{
	archiveVersion = 1;
	classes = {
	};
	objectVersion = 51;
	objects = {

/* Begin PBXBuildFile section */
		040661992676520F0008B020 /* Preview Assets.xcassets in Resources */ = {isa = PBXBuildFile; fileRef = 040661982676520F0008B020 /* Preview Assets.xcassets */; };
		0489FAAF268D743E001C0DD3 /* GoogleService-Info.plist in Resources */ = {isa = PBXBuildFile; fileRef = 0489FAAE268D743E001C0DD3 /* GoogleService-Info.plist */; };
		0489FAB0268D8CA2001C0DD3 /* DiscoveryView.swift in Sources */ = {isa = PBXBuildFile; fileRef = 040661932676520F0008B020 /* DiscoveryView.swift */; };
		0489FAB2268DB41B001C0DD3 /* PopularDestinationView.swift in Sources */ = {isa = PBXBuildFile; fileRef = 0489FAB1268DB41B001C0DD3 /* PopularDestinationView.swift */; };
		0489FAB4268DB601001C0DD3 /* PopularPlaces.swift in Sources */ = {isa = PBXBuildFile; fileRef = 0489FAB3268DB601001C0DD3 /* PopularPlaces.swift */; };
		0489FAB7268DB645001C0DD3 /* GitInformationView.swift in Sources */ = {isa = PBXBuildFile; fileRef = 0489FAB6268DB645001C0DD3 /* GitInformationView.swift */; };
		0489FAB9268DB662001C0DD3 /* DiscoveryCategoriesView.swift in Sources */ = {isa = PBXBuildFile; fileRef = 0489FAB8268DB662001C0DD3 /* DiscoveryCategoriesView.swift */; };
		0489FABC268DB783001C0DD3 /* ShadowModifier.swift in Sources */ = {isa = PBXBuildFile; fileRef = 0489FABB268DB783001C0DD3 /* ShadowModifier.swift */; };
		0489FABF268DBA0C001C0DD3 /* UIFoundation.swift in Sources */ = {isa = PBXBuildFile; fileRef = 0489FABE268DBA0C001C0DD3 /* UIFoundation.swift */; };
		0489FAC1268DBA13001C0DD3 /* UIColor.swift in Sources */ = {isa = PBXBuildFile; fileRef = 0489FAC0268DBA13001C0DD3 /* UIColor.swift */; };
		04CE7FF62681175E00C3001B /* TravelAppApp.swift in Sources */ = {isa = PBXBuildFile; fileRef = 040661912676520F0008B020 /* TravelAppApp.swift */; };
		04CE7FF92681179400C3001B /* Model.swift in Sources */ = {isa = PBXBuildFile; fileRef = 04CE7FF82681179400C3001B /* Model.swift */; };
		04CE7FFA26811D7B00C3001B /* Assets.xcassets in Resources */ = {isa = PBXBuildFile; fileRef = 040661952676520F0008B020 /* Assets.xcassets */; };
		18E7B4E8DC704DD5F5A7CF31 /* Pods_TravelApp.framework in Frameworks */ = {isa = PBXBuildFile; fileRef = 528E5A3F0BE8A4FEE295B7B9 /* Pods_TravelApp.framework */; };
/* End PBXBuildFile section */

/* Begin PBXFileReference section */
		0406618E2676520F0008B020 /* TravelApp.app */ = {isa = PBXFileReference; explicitFileType = wrapper.application; includeInIndex = 0; path = TravelApp.app; sourceTree = BUILT_PRODUCTS_DIR; };
		040661912676520F0008B020 /* TravelAppApp.swift */ = {isa = PBXFileReference; lastKnownFileType = sourcecode.swift; path = TravelAppApp.swift; sourceTree = "<group>"; };
		040661932676520F0008B020 /* DiscoveryView.swift */ = {isa = PBXFileReference; lastKnownFileType = sourcecode.swift; path = DiscoveryView.swift; sourceTree = "<group>"; };
		040661952676520F0008B020 /* Assets.xcassets */ = {isa = PBXFileReference; lastKnownFileType = folder.assetcatalog; path = Assets.xcassets; sourceTree = "<group>"; };
		040661982676520F0008B020 /* Preview Assets.xcassets */ = {isa = PBXFileReference; lastKnownFileType = folder.assetcatalog; path = "Preview Assets.xcassets"; sourceTree = "<group>"; };
		0406619A2676520F0008B020 /* Info.plist */ = {isa = PBXFileReference; lastKnownFileType = text.plist.xml; path = Info.plist; sourceTree = "<group>"; };
		0489FAAE268D743E001C0DD3 /* GoogleService-Info.plist */ = {isa = PBXFileReference; fileEncoding = 4; lastKnownFileType = text.plist.xml; path = "GoogleService-Info.plist"; sourceTree = "<group>"; };
		0489FAB1268DB41B001C0DD3 /* PopularDestinationView.swift */ = {isa = PBXFileReference; lastKnownFileType = sourcecode.swift; path = PopularDestinationView.swift; sourceTree = "<group>"; };
		0489FAB3268DB601001C0DD3 /* PopularPlaces.swift */ = {isa = PBXFileReference; lastKnownFileType = sourcecode.swift; path = PopularPlaces.swift; sourceTree = "<group>"; };
		0489FAB6268DB645001C0DD3 /* GitInformationView.swift */ = {isa = PBXFileReference; lastKnownFileType = sourcecode.swift; path = GitInformationView.swift; sourceTree = "<group>"; };
		0489FAB8268DB662001C0DD3 /* DiscoveryCategoriesView.swift */ = {isa = PBXFileReference; lastKnownFileType = sourcecode.swift; path = DiscoveryCategoriesView.swift; sourceTree = "<group>"; };
		0489FABB268DB783001C0DD3 /* ShadowModifier.swift */ = {isa = PBXFileReference; lastKnownFileType = sourcecode.swift; path = ShadowModifier.swift; sourceTree = "<group>"; };
		0489FABE268DBA0C001C0DD3 /* UIFoundation.swift */ = {isa = PBXFileReference; lastKnownFileType = sourcecode.swift; path = UIFoundation.swift; sourceTree = "<group>"; };
		0489FAC0268DBA13001C0DD3 /* UIColor.swift */ = {isa = PBXFileReference; lastKnownFileType = sourcecode.swift; path = UIColor.swift; sourceTree = "<group>"; };
		04CE7FF82681179400C3001B /* Model.swift */ = {isa = PBXFileReference; lastKnownFileType = sourcecode.swift; path = Model.swift; sourceTree = "<group>"; };
		2332180DAE0050969C720192 /* Pods-TravelApp.debug.xcconfig */ = {isa = PBXFileReference; includeInIndex = 1; lastKnownFileType = text.xcconfig; name = "Pods-TravelApp.debug.xcconfig"; path = "Target Support Files/Pods-TravelApp/Pods-TravelApp.debug.xcconfig"; sourceTree = "<group>"; };
		528E5A3F0BE8A4FEE295B7B9 /* Pods_TravelApp.framework */ = {isa = PBXFileReference; explicitFileType = wrapper.framework; includeInIndex = 0; path = Pods_TravelApp.framework; sourceTree = BUILT_PRODUCTS_DIR; };
		B0004C21D3811AE71D6EBFDD /* Pods-TravelApp.release.xcconfig */ = {isa = PBXFileReference; includeInIndex = 1; lastKnownFileType = text.xcconfig; name = "Pods-TravelApp.release.xcconfig"; path = "Target Support Files/Pods-TravelApp/Pods-TravelApp.release.xcconfig"; sourceTree = "<group>"; };
/* End PBXFileReference section */

/* Begin PBXFrameworksBuildPhase section */
		0406618B2676520F0008B020 /* Frameworks */ = {
			isa = PBXFrameworksBuildPhase;
			buildActionMask = 2147483647;
			files = (
				18E7B4E8DC704DD5F5A7CF31 /* Pods_TravelApp.framework in Frameworks */,
			);
			runOnlyForDeploymentPostprocessing = 0;
		};
/* End PBXFrameworksBuildPhase section */

/* Begin PBXGroup section */
		040661852676520F0008B020 = {
			isa = PBXGroup;
			children = (
				040661902676520F0008B020 /* TravelApp */,
				0406618F2676520F0008B020 /* Products */,
				B14621F66A22BDBDCB61D607 /* Pods */,
				33C3BA7A52E044B4A7123E5B /* Frameworks */,
			);
			sourceTree = "<group>";
		};
		0406618F2676520F0008B020 /* Products */ = {
			isa = PBXGroup;
			children = (
				0406618E2676520F0008B020 /* TravelApp.app */,
			);
			name = Products;
			sourceTree = "<group>";
		};
		040661902676520F0008B020 /* TravelApp */ = {
			isa = PBXGroup;
			children = (
				04CE7FF32681171F00C3001B /* Application */,
				04CE7FF1268116F800C3001B /* Module */,
				0489FAB5268DB617001C0DD3 /* Model */,
				0489FABD268DB9F5001C0DD3 /* Extentions */,
				04CE7FF42681172F00C3001B /* Resources */,
				0406619A2676520F0008B020 /* Info.plist */,
				040661972676520F0008B020 /* Preview Content */,
			);
			path = TravelApp;
			sourceTree = "<group>";
			wrapsLines = 1;
		};
		040661972676520F0008B020 /* Preview Content */ = {
			isa = PBXGroup;
			children = (
				040661982676520F0008B020 /* Preview Assets.xcassets */,
			);
			path = "Preview Content";
			sourceTree = "<group>";
		};
		0489FAAD268D7433001C0DD3 /* FireBase */ = {
			isa = PBXGroup;
			children = (
				0489FAAE268D743E001C0DD3 /* GoogleService-Info.plist */,
			);
			path = FireBase;
			sourceTree = "<group>";
		};
		0489FAB5268DB617001C0DD3 /* Model */ = {
			isa = PBXGroup;
			children = (
				04CE7FF82681179400C3001B /* Model.swift */,
			);
			path = Model;
			sourceTree = "<group>";
		};
		0489FABA268DB76E001C0DD3 /* CustomModifier */ = {
			isa = PBXGroup;
			children = (
				0489FABB268DB783001C0DD3 /* ShadowModifier.swift */,
			);
			path = CustomModifier;
			sourceTree = "<group>";
		};
		0489FABD268DB9F5001C0DD3 /* Extentions */ = {
			isa = PBXGroup;
			children = (
				0489FABE268DBA0C001C0DD3 /* UIFoundation.swift */,
				0489FAC0268DBA13001C0DD3 /* UIColor.swift */,
			);
			path = Extentions;
			sourceTree = "<group>";
		};
		04CE7FF1268116F800C3001B /* Module */ = {
			isa = PBXGroup;
			children = (
				04CE7FF72681178500C3001B /* HomeView */,
			);
			path = Module;
			sourceTree = "<group>";
		};
		04CE7FF32681171F00C3001B /* Application */ = {
			isa = PBXGroup;
			children = (
				040661912676520F0008B020 /* TravelAppApp.swift */,
			);
			path = Application;
			sourceTree = "<group>";
		};
		04CE7FF42681172F00C3001B /* Resources */ = {
			isa = PBXGroup;
			children = (
				0489FABA268DB76E001C0DD3 /* CustomModifier */,
				0489FAAD268D7433001C0DD3 /* FireBase */,
				040661952676520F0008B020 /* Assets.xcassets */,
			);
			path = Resources;
			sourceTree = "<group>";
		};
		04CE7FF72681178500C3001B /* HomeView */ = {
			isa = PBXGroup;
			children = (
				040661932676520F0008B020 /* DiscoveryView.swift */,
				0489FAB1268DB41B001C0DD3 /* PopularDestinationView.swift */,
				0489FAB3268DB601001C0DD3 /* PopularPlaces.swift */,
				0489FAB6268DB645001C0DD3 /* GitInformationView.swift */,
				0489FAB8268DB662001C0DD3 /* DiscoveryCategoriesView.swift */,
			);
			path = HomeView;
			sourceTree = "<group>";
		};
		33C3BA7A52E044B4A7123E5B /* Frameworks */ = {
			isa = PBXGroup;
			children = (
				528E5A3F0BE8A4FEE295B7B9 /* Pods_TravelApp.framework */,
			);
			name = Frameworks;
			sourceTree = "<group>";
		};
		B14621F66A22BDBDCB61D607 /* Pods */ = {
			isa = PBXGroup;
			children = (
				2332180DAE0050969C720192 /* Pods-TravelApp.debug.xcconfig */,
				B0004C21D3811AE71D6EBFDD /* Pods-TravelApp.release.xcconfig */,
			);
			path = Pods;
			sourceTree = "<group>";
		};
/* End PBXGroup section */

/* Begin PBXNativeTarget section */
		0406618D2676520F0008B020 /* TravelApp */ = {
			isa = PBXNativeTarget;
			buildConfigurationList = 0406619D2676520F0008B020 /* Build configuration list for PBXNativeTarget "TravelApp" */;
			buildPhases = (
				C700CA5CC2A979ADF5FE796B /* [CP] Check Pods Manifest.lock */,
				0406618A2676520F0008B020 /* Sources */,
				0406618B2676520F0008B020 /* Frameworks */,
				0406618C2676520F0008B020 /* Resources */,
				CB100B4A57ECF940856C4265 /* [CP] Embed Pods Frameworks */,
			);
			buildRules = (
			);
			dependencies = (
			);
			name = TravelApp;
			productName = TravelApp;
			productReference = 0406618E2676520F0008B020 /* TravelApp.app */;
			productType = "com.apple.product-type.application";
		};
/* End PBXNativeTarget section */

/* Begin PBXProject section */
		040661862676520F0008B020 /* Project object */ = {
			isa = PBXProject;
			attributes = {
				LastSwiftUpdateCheck = 1250;
				LastUpgradeCheck = 1250;
				TargetAttributes = {
					0406618D2676520F0008B020 = {
						CreatedOnToolsVersion = 12.5;
					};
				};
			};
			buildConfigurationList = 040661892676520F0008B020 /* Build configuration list for PBXProject "TravelApp" */;
			compatibilityVersion = "Xcode 9.3";
			developmentRegion = en;
			hasScannedForEncodings = 0;
			knownRegions = (
				en,
				Base,
			);
			mainGroup = 040661852676520F0008B020;
			productRefGroup = 0406618F2676520F0008B020 /* Products */;
			projectDirPath = "";
			projectRoot = "";
			targets = (
				0406618D2676520F0008B020 /* TravelApp */,
			);
		};
/* End PBXProject section */

/* Begin PBXResourcesBuildPhase section */
		0406618C2676520F0008B020 /* Resources */ = {
			isa = PBXResourcesBuildPhase;
			buildActionMask = 2147483647;
			files = (
				04CE7FFA26811D7B00C3001B /* Assets.xcassets in Resources */,
				040661992676520F0008B020 /* Preview Assets.xcassets in Resources */,
				0489FAAF268D743E001C0DD3 /* GoogleService-Info.plist in Resources */,
			);
			runOnlyForDeploymentPostprocessing = 0;
		};
/* End PBXResourcesBuildPhase section */

/* Begin PBXShellScriptBuildPhase section */
		C700CA5CC2A979ADF5FE796B /* [CP] Check Pods Manifest.lock */ = {
			isa = PBXShellScriptBuildPhase;
			buildActionMask = 2147483647;
			files = (
			);
			inputFileListPaths = (
			);
			inputPaths = (
				"${PODS_PODFILE_DIR_PATH}/Podfile.lock",
				"${PODS_ROOT}/Manifest.lock",
			);
			name = "[CP] Check Pods Manifest.lock";
			outputFileListPaths = (
			);
			outputPaths = (
				"$(DERIVED_FILE_DIR)/Pods-TravelApp-checkManifestLockResult.txt",
			);
			runOnlyForDeploymentPostprocessing = 0;
			shellPath = /bin/sh;
			shellScript = "diff \"${PODS_PODFILE_DIR_PATH}/Podfile.lock\" \"${PODS_ROOT}/Manifest.lock\" > /dev/null\nif [ $? != 0 ] ; then\n    # print error to STDERR\n    echo \"error: The sandbox is not in sync with the Podfile.lock. Run 'pod install' or update your CocoaPods installation.\" >&2\n    exit 1\nfi\n# This output is used by Xcode 'outputs' to avoid re-running this script phase.\necho \"SUCCESS\" > \"${SCRIPT_OUTPUT_FILE_0}\"\n";
			showEnvVarsInLog = 0;
		};
		CB100B4A57ECF940856C4265 /* [CP] Embed Pods Frameworks */ = {
			isa = PBXShellScriptBuildPhase;
			buildActionMask = 2147483647;
			files = (
			);
			inputFileListPaths = (
				"${PODS_ROOT}/Target Support Files/Pods-TravelApp/Pods-TravelApp-frameworks-${CONFIGURATION}-input-files.xcfilelist",
			);
			name = "[CP] Embed Pods Frameworks";
			outputFileListPaths = (
				"${PODS_ROOT}/Target Support Files/Pods-TravelApp/Pods-TravelApp-frameworks-${CONFIGURATION}-output-files.xcfilelist",
			);
			runOnlyForDeploymentPostprocessing = 0;
			shellPath = /bin/sh;
			shellScript = "\"${PODS_ROOT}/Target Support Files/Pods-TravelApp/Pods-TravelApp-frameworks.sh\"\n";
			showEnvVarsInLog = 0;
		};
/* End PBXShellScriptBuildPhase section */

/* Begin PBXSourcesBuildPhase section */
		0406618A2676520F0008B020 /* Sources */ = {
			isa = PBXSourcesBuildPhase;
			buildActionMask = 2147483647;
			files = (
				04CE7FF62681175E00C3001B /* TravelAppApp.swift in Sources */,
				0489FABC268DB783001C0DD3 /* ShadowModifier.swift in Sources */,
				0489FAB9268DB662001C0DD3 /* DiscoveryCategoriesView.swift in Sources */,
				0489FAB0268D8CA2001C0DD3 /* DiscoveryView.swift in Sources */,
				04CE7FF92681179400C3001B /* Model.swift in Sources */,
				0489FABF268DBA0C001C0DD3 /* UIFoundation.swift in Sources */,
				0489FAB2268DB41B001C0DD3 /* PopularDestinationView.swift in Sources */,
				0489FAB7268DB645001C0DD3 /* GitInformationView.swift in Sources */,
				0489FAB4268DB601001C0DD3 /* PopularPlaces.swift in Sources */,
				0489FAC1268DBA13001C0DD3 /* UIColor.swift in Sources */,
			);
			runOnlyForDeploymentPostprocessing = 0;
		};
/* End PBXSourcesBuildPhase section */

/* Begin XCBuildConfiguration section */
		0406619B2676520F0008B020 /* Debug */ = {
			isa = XCBuildConfiguration;
			buildSettings = {
				ALWAYS_SEARCH_USER_PATHS = NO;
				CLANG_ANALYZER_NONNULL = YES;
				CLANG_ANALYZER_NUMBER_OBJECT_CONVERSION = YES_AGGRESSIVE;
				CLANG_CXX_LANGUAGE_STANDARD = "gnu++14";
				CLANG_CXX_LIBRARY = "libc++";
				CLANG_ENABLE_MODULES = YES;
				CLANG_ENABLE_OBJC_ARC = YES;
				CLANG_ENABLE_OBJC_WEAK = YES;
				CLANG_WARN_BLOCK_CAPTURE_AUTORELEASING = YES;
				CLANG_WARN_BOOL_CONVERSION = YES;
				CLANG_WARN_COMMA = YES;
				CLANG_WARN_CONSTANT_CONVERSION = YES;
				CLANG_WARN_DEPRECATED_OBJC_IMPLEMENTATIONS = YES;
				CLANG_WARN_DIRECT_OBJC_ISA_USAGE = YES_ERROR;
				CLANG_WARN_DOCUMENTATION_COMMENTS = YES;
				CLANG_WARN_EMPTY_BODY = YES;
				CLANG_WARN_ENUM_CONVERSION = YES;
				CLANG_WARN_INFINITE_RECURSION = YES;
				CLANG_WARN_INT_CONVERSION = YES;
				CLANG_WARN_NON_LITERAL_NULL_CONVERSION = YES;
				CLANG_WARN_OBJC_IMPLICIT_RETAIN_SELF = YES;
				CLANG_WARN_OBJC_LITERAL_CONVERSION = YES;
				CLANG_WARN_OBJC_ROOT_CLASS = YES_ERROR;
				CLANG_WARN_QUOTED_INCLUDE_IN_FRAMEWORK_HEADER = YES;
				CLANG_WARN_RANGE_LOOP_ANALYSIS = YES;
				CLANG_WARN_STRICT_PROTOTYPES = YES;
				CLANG_WARN_SUSPICIOUS_MOVE = YES;
				CLANG_WARN_UNGUARDED_AVAILABILITY = YES_AGGRESSIVE;
				CLANG_WARN_UNREACHABLE_CODE = YES;
				CLANG_WARN__DUPLICATE_METHOD_MATCH = YES;
				COPY_PHASE_STRIP = NO;
				DEBUG_INFORMATION_FORMAT = dwarf;
				ENABLE_STRICT_OBJC_MSGSEND = YES;
				ENABLE_TESTABILITY = YES;
				GCC_C_LANGUAGE_STANDARD = gnu11;
				GCC_DYNAMIC_NO_PIC = NO;
				GCC_NO_COMMON_BLOCKS = YES;
				GCC_OPTIMIZATION_LEVEL = 0;
				GCC_PREPROCESSOR_DEFINITIONS = (
					"DEBUG=1",
					"$(inherited)",
				);
				GCC_WARN_64_TO_32_BIT_CONVERSION = YES;
				GCC_WARN_ABOUT_RETURN_TYPE = YES_ERROR;
				GCC_WARN_UNDECLARED_SELECTOR = YES;
				GCC_WARN_UNINITIALIZED_AUTOS = YES_AGGRESSIVE;
				GCC_WARN_UNUSED_FUNCTION = YES;
				GCC_WARN_UNUSED_VARIABLE = YES;
				IPHONEOS_DEPLOYMENT_TARGET = 14.5;
				MTL_ENABLE_DEBUG_INFO = INCLUDE_SOURCE;
				MTL_FAST_MATH = YES;
				ONLY_ACTIVE_ARCH = YES;
				SDKROOT = iphoneos;
				SWIFT_ACTIVE_COMPILATION_CONDITIONS = DEBUG;
				SWIFT_OPTIMIZATION_LEVEL = "-Onone";
			};
			name = Debug;
		};
		0406619C2676520F0008B020 /* Release */ = {
			isa = XCBuildConfiguration;
			buildSettings = {
				ALWAYS_SEARCH_USER_PATHS = NO;
				CLANG_ANALYZER_NONNULL = YES;
				CLANG_ANALYZER_NUMBER_OBJECT_CONVERSION = YES_AGGRESSIVE;
				CLANG_CXX_LANGUAGE_STANDARD = "gnu++14";
				CLANG_CXX_LIBRARY = "libc++";
				CLANG_ENABLE_MODULES = YES;
				CLANG_ENABLE_OBJC_ARC = YES;
				CLANG_ENABLE_OBJC_WEAK = YES;
				CLANG_WARN_BLOCK_CAPTURE_AUTORELEASING = YES;
				CLANG_WARN_BOOL_CONVERSION = YES;
				CLANG_WARN_COMMA = YES;
				CLANG_WARN_CONSTANT_CONVERSION = YES;
				CLANG_WARN_DEPRECATED_OBJC_IMPLEMENTATIONS = YES;
				CLANG_WARN_DIRECT_OBJC_ISA_USAGE = YES_ERROR;
				CLANG_WARN_DOCUMENTATION_COMMENTS = YES;
				CLANG_WARN_EMPTY_BODY = YES;
				CLANG_WARN_ENUM_CONVERSION = YES;
				CLANG_WARN_INFINITE_RECURSION = YES;
				CLANG_WARN_INT_CONVERSION = YES;
				CLANG_WARN_NON_LITERAL_NULL_CONVERSION = YES;
				CLANG_WARN_OBJC_IMPLICIT_RETAIN_SELF = YES;
				CLANG_WARN_OBJC_LITERAL_CONVERSION = YES;
				CLANG_WARN_OBJC_ROOT_CLASS = YES_ERROR;
				CLANG_WARN_QUOTED_INCLUDE_IN_FRAMEWORK_HEADER = YES;
				CLANG_WARN_RANGE_LOOP_ANALYSIS = YES;
				CLANG_WARN_STRICT_PROTOTYPES = YES;
				CLANG_WARN_SUSPICIOUS_MOVE = YES;
				CLANG_WARN_UNGUARDED_AVAILABILITY = YES_AGGRESSIVE;
				CLANG_WARN_UNREACHABLE_CODE = YES;
				CLANG_WARN__DUPLICATE_METHOD_MATCH = YES;
				COPY_PHASE_STRIP = NO;
				DEBUG_INFORMATION_FORMAT = "dwarf-with-dsym";
				ENABLE_NS_ASSERTIONS = NO;
				ENABLE_STRICT_OBJC_MSGSEND = YES;
				GCC_C_LANGUAGE_STANDARD = gnu11;
				GCC_NO_COMMON_BLOCKS = YES;
				GCC_WARN_64_TO_32_BIT_CONVERSION = YES;
				GCC_WARN_ABOUT_RETURN_TYPE = YES_ERROR;
				GCC_WARN_UNDECLARED_SELECTOR = YES;
				GCC_WARN_UNINITIALIZED_AUTOS = YES_AGGRESSIVE;
				GCC_WARN_UNUSED_FUNCTION = YES;
				GCC_WARN_UNUSED_VARIABLE = YES;
				IPHONEOS_DEPLOYMENT_TARGET = 14.5;
				MTL_ENABLE_DEBUG_INFO = NO;
				MTL_FAST_MATH = YES;
				SDKROOT = iphoneos;
				SWIFT_COMPILATION_MODE = wholemodule;
				SWIFT_OPTIMIZATION_LEVEL = "-O";
				VALIDATE_PRODUCT = YES;
			};
			name = Release;
		};
		0406619E2676520F0008B020 /* Debug */ = {
			isa = XCBuildConfiguration;
			baseConfigurationReference = 2332180DAE0050969C720192 /* Pods-TravelApp.debug.xcconfig */;
			buildSettings = {
				ASSETCATALOG_COMPILER_APPICON_NAME = AppIcon;
				ASSETCATALOG_COMPILER_GLOBAL_ACCENT_COLOR_NAME = AccentColor;
				CODE_SIGN_STYLE = Automatic;
				DEVELOPMENT_ASSET_PATHS = "\"TravelApp/Preview Content\"";
				DEVELOPMENT_TEAM = 67V6V79892;
				ENABLE_PREVIEWS = YES;
				INFOPLIST_FILE = TravelApp/Info.plist;
				IPHONEOS_DEPLOYMENT_TARGET = 14.0;
				LD_RUNPATH_SEARCH_PATHS = (
					"$(inherited)",
					"@executable_path/Frameworks",
				);
				PRODUCT_BUNDLE_IDENTIFIER = com.Yolo.TravelApp;
				PRODUCT_NAME = "$(TARGET_NAME)";
				SWIFT_VERSION = 5.0;
				TARGETED_DEVICE_FAMILY = "1,2";
			};
			name = Debug;
		};
		0406619F2676520F0008B020 /* Release */ = {
			isa = XCBuildConfiguration;
			baseConfigurationReference = B0004C21D3811AE71D6EBFDD /* Pods-TravelApp.release.xcconfig */;
			buildSettings = {
				ASSETCATALOG_COMPILER_APPICON_NAME = AppIcon;
				ASSETCATALOG_COMPILER_GLOBAL_ACCENT_COLOR_NAME = AccentColor;
				CODE_SIGN_STYLE = Automatic;
				DEVELOPMENT_ASSET_PATHS = "\"TravelApp/Preview Content\"";
				DEVELOPMENT_TEAM = 67V6V79892;
				ENABLE_PREVIEWS = YES;
				INFOPLIST_FILE = TravelApp/Info.plist;
				IPHONEOS_DEPLOYMENT_TARGET = 14.0;
				LD_RUNPATH_SEARCH_PATHS = (
					"$(inherited)",
					"@executable_path/Frameworks",
				);
				PRODUCT_BUNDLE_IDENTIFIER = com.Yolo.TravelApp;
				PRODUCT_NAME = "$(TARGET_NAME)";
				SWIFT_VERSION = 5.0;
				TARGETED_DEVICE_FAMILY = "1,2";
			};
			name = Release;
		};
/* End XCBuildConfiguration section */

/* Begin XCConfigurationList section */
		040661892676520F0008B020 /* Build configuration list for PBXProject "TravelApp" */ = {
			isa = XCConfigurationList;
			buildConfigurations = (
				0406619B2676520F0008B020 /* Debug */,
				0406619C2676520F0008B020 /* Release */,
			);
			defaultConfigurationIsVisible = 0;
			defaultConfigurationName = Release;
		};
		0406619D2676520F0008B020 /* Build configuration list for PBXNativeTarget "TravelApp" */ = {
			isa = XCConfigurationList;
			buildConfigurations = (
				0406619E2676520F0008B020 /* Debug */,
				0406619F2676520F0008B020 /* Release */,
			);
			defaultConfigurationIsVisible = 0;
			defaultConfigurationName = Release;
		};
/* End XCConfigurationList section */
	};
	rootObject = 040661862676520F0008B020 /* Project object */;
}
